{
  "name": "web-component-visualizer",
  "version": "1.0.0",
  "lockfileVersion": 1,
  "requires": true,
  "dependencies": {
    "@polymer/polymer": {
      "version": "2.2.0",
      "resolved": "https://registry.npmjs.org/@polymer/polymer/-/polymer-2.2.0.tgz",
      "integrity": "sha512-RZrUEQ+22Dhum5YOh6sqMW5tnKKl60R1p+60N4tpYQ6wQnZEs68Z+AuK3mIN0ArRQ/z2oFHHRx/zaqaasN2opw=="
    },
    "@webcomponents/webcomponentsjs": {
      "version": "1.0.18",
      "resolved": "https://registry.npmjs.org/@webcomponents/webcomponentsjs/-/webcomponentsjs-1.0.18.tgz",
      "integrity": "sha512-F/Gn3zcJMc0FaxedKPyOKoiIQxg5p9HyDwRC1VRBvAc7+FA6oBDf39GqWsZ9nKtarsx1RslwkrHDIHLYETdIAA=="
    }
  }
}
